
Microsoft Visual Studio Solution File, Format Version 12.00
# Visual Studio Version 17
VisualStudioVersion = 17.0.31903.59
MinimumVisualStudioVersion = 10.0.40219.1
Project("{2150E333-8FDC-42A3-9474-1A3956D46DE8}") = "source", "source", "{7001F41A-BE5B-42DA-AD32-E041A1C981E7}"
	ProjectSection(SolutionItems) = preProject
	EndProjectSection
EndProject
Project("{FAE04EC0-301F-11D3-BF4B-00C04F79EFBC}") = "Age", "source\Age\Age.csproj", "{96C3C254-1F11-4F7B-BECB-DDEB01F05FC5}"
EndProject
Project("{2150E333-8FDC-42A3-9474-1A3956D46DE8}") = "tests", "tests", "{2A27D048-BB42-4B61-99AF-06D491B86262}"
EndProject
Project("{FAE04EC0-301F-11D3-BF4B-00C04F79EFBC}") = "Age.Tests", "tests\Age.Tests\Age.Tests.csproj", "{626CF554-8951-499E-81B1-A80C0B2CDCBD}"
EndProject
Project("{FAE04EC0-301F-11D3-BF4B-00C04F79EFBC}") = "Age.Platform.Windows", "source\Age.Platform.Windows\Age.Platform.Windows.csproj", "{552F69D4-47E4-475A-9BAE-7826F0A38AD5}"
EndProject
Project("{FAE04EC0-301F-11D3-BF4B-00C04F79EFBC}") = "Age.Vulkan", "source\Age.Vulkan\Age.Vulkan.csproj", "{C1ABD36B-A364-4E10-8633-C8A925872A50}"
EndProject
Project("{FAE04EC0-301F-11D3-BF4B-00C04F79EFBC}") = "Age.Core", "source\Age.Core\Age.Core.csproj", "{29F54852-B8A1-436D-AA39-4142B53407A0}"
EndProject
Project("{FAE04EC0-301F-11D3-BF4B-00C04F79EFBC}") = "Age.Platform", "source\Age.Platform\Age.Platform.csproj", "{08E516C5-4882-4120-8717-51C6FB40F79B}"
EndProject
Project("{FAE04EC0-301F-11D3-BF4B-00C04F79EFBC}") = "Age.Playground", "source\Age.Playground\Age.Playground.csproj", "{C9EE7027-6173-4268-8B4D-7F0B21D772FC}"
EndProject
Project("{FAE04EC0-301F-11D3-BF4B-00C04F79EFBC}") = "Age.Rendering", "source\Age.Rendering\Age.Rendering.csproj", "{D70F41E4-25C7-4F0E-8BA2-D8DB6C07CCDE}"
EndProject
Project("{FAE04EC0-301F-11D3-BF4B-00C04F79EFBC}") = "Age.Resources", "source\Age.Resources\Age.Resources.csproj", "{15ABFF2B-E97D-4BCC-8515-F46DD951527F}"
EndProject
Project("{FAE04EC0-301F-11D3-BF4B-00C04F79EFBC}") = "Age.Numerics", "source\Age.Numerics\Age.Numerics.csproj", "{D9A4AB67-7A15-425B-9384-256830D6BBE7}"
EndProject
Global
	GlobalSection(SolutionProperties) = preSolution
		HideSolutionNode = FALSE
	EndGlobalSection
	GlobalSection(SolutionConfigurationPlatforms) = preSolution
		Debug|Any CPU = Debug|Any CPU
		Debug|x64 = Debug|x64
		Debug|x86 = Debug|x86
		Release|Any CPU = Release|Any CPU
		Release|x64 = Release|x64
		Release|x86 = Release|x86
	EndGlobalSection
	GlobalSection(ProjectConfigurationPlatforms) = postSolution
		{96C3C254-1F11-4F7B-BECB-DDEB01F05FC5}.Debug|Any CPU.ActiveCfg = Debug|Any CPU
		{96C3C254-1F11-4F7B-BECB-DDEB01F05FC5}.Debug|Any CPU.Build.0 = Debug|Any CPU
		{96C3C254-1F11-4F7B-BECB-DDEB01F05FC5}.Debug|x64.ActiveCfg = Debug|Any CPU
		{96C3C254-1F11-4F7B-BECB-DDEB01F05FC5}.Debug|x64.Build.0 = Debug|Any CPU
		{96C3C254-1F11-4F7B-BECB-DDEB01F05FC5}.Debug|x86.ActiveCfg = Debug|Any CPU
		{96C3C254-1F11-4F7B-BECB-DDEB01F05FC5}.Debug|x86.Build.0 = Debug|Any CPU
		{96C3C254-1F11-4F7B-BECB-DDEB01F05FC5}.Release|Any CPU.ActiveCfg = Release|Any CPU
		{96C3C254-1F11-4F7B-BECB-DDEB01F05FC5}.Release|Any CPU.Build.0 = Release|Any CPU
		{96C3C254-1F11-4F7B-BECB-DDEB01F05FC5}.Release|x64.ActiveCfg = Release|Any CPU
		{96C3C254-1F11-4F7B-BECB-DDEB01F05FC5}.Release|x64.Build.0 = Release|Any CPU
		{96C3C254-1F11-4F7B-BECB-DDEB01F05FC5}.Release|x86.ActiveCfg = Release|Any CPU
		{96C3C254-1F11-4F7B-BECB-DDEB01F05FC5}.Release|x86.Build.0 = Release|Any CPU
		{626CF554-8951-499E-81B1-A80C0B2CDCBD}.Debug|Any CPU.ActiveCfg = Debug|Any CPU
		{626CF554-8951-499E-81B1-A80C0B2CDCBD}.Debug|Any CPU.Build.0 = Debug|Any CPU
		{626CF554-8951-499E-81B1-A80C0B2CDCBD}.Debug|x64.ActiveCfg = Debug|Any CPU
		{626CF554-8951-499E-81B1-A80C0B2CDCBD}.Debug|x64.Build.0 = Debug|Any CPU
		{626CF554-8951-499E-81B1-A80C0B2CDCBD}.Debug|x86.ActiveCfg = Debug|Any CPU
		{626CF554-8951-499E-81B1-A80C0B2CDCBD}.Debug|x86.Build.0 = Debug|Any CPU
		{626CF554-8951-499E-81B1-A80C0B2CDCBD}.Release|Any CPU.ActiveCfg = Release|Any CPU
		{626CF554-8951-499E-81B1-A80C0B2CDCBD}.Release|Any CPU.Build.0 = Release|Any CPU
		{626CF554-8951-499E-81B1-A80C0B2CDCBD}.Release|x64.ActiveCfg = Release|Any CPU
		{626CF554-8951-499E-81B1-A80C0B2CDCBD}.Release|x64.Build.0 = Release|Any CPU
		{626CF554-8951-499E-81B1-A80C0B2CDCBD}.Release|x86.ActiveCfg = Release|Any CPU
		{626CF554-8951-499E-81B1-A80C0B2CDCBD}.Release|x86.Build.0 = Release|Any CPU
		{552F69D4-47E4-475A-9BAE-7826F0A38AD5}.Debug|Any CPU.ActiveCfg = Debug|Any CPU
		{552F69D4-47E4-475A-9BAE-7826F0A38AD5}.Debug|Any CPU.Build.0 = Debug|Any CPU
		{552F69D4-47E4-475A-9BAE-7826F0A38AD5}.Debug|x64.ActiveCfg = Debug|Any CPU
		{552F69D4-47E4-475A-9BAE-7826F0A38AD5}.Debug|x64.Build.0 = Debug|Any CPU
		{552F69D4-47E4-475A-9BAE-7826F0A38AD5}.Debug|x86.ActiveCfg = Debug|Any CPU
		{552F69D4-47E4-475A-9BAE-7826F0A38AD5}.Debug|x86.Build.0 = Debug|Any CPU
		{552F69D4-47E4-475A-9BAE-7826F0A38AD5}.Release|Any CPU.ActiveCfg = Release|Any CPU
		{552F69D4-47E4-475A-9BAE-7826F0A38AD5}.Release|Any CPU.Build.0 = Release|Any CPU
		{552F69D4-47E4-475A-9BAE-7826F0A38AD5}.Release|x64.ActiveCfg = Release|Any CPU
		{552F69D4-47E4-475A-9BAE-7826F0A38AD5}.Release|x64.Build.0 = Release|Any CPU
		{552F69D4-47E4-475A-9BAE-7826F0A38AD5}.Release|x86.ActiveCfg = Release|Any CPU
		{552F69D4-47E4-475A-9BAE-7826F0A38AD5}.Release|x86.Build.0 = Release|Any CPU
		{C1ABD36B-A364-4E10-8633-C8A925872A50}.Debug|Any CPU.ActiveCfg = Debug|Any CPU
		{C1ABD36B-A364-4E10-8633-C8A925872A50}.Debug|Any CPU.Build.0 = Debug|Any CPU
		{C1ABD36B-A364-4E10-8633-C8A925872A50}.Debug|x64.ActiveCfg = Debug|Any CPU
		{C1ABD36B-A364-4E10-8633-C8A925872A50}.Debug|x64.Build.0 = Debug|Any CPU
		{C1ABD36B-A364-4E10-8633-C8A925872A50}.Debug|x86.ActiveCfg = Debug|Any CPU
		{C1ABD36B-A364-4E10-8633-C8A925872A50}.Debug|x86.Build.0 = Debug|Any CPU
		{C1ABD36B-A364-4E10-8633-C8A925872A50}.Release|Any CPU.ActiveCfg = Release|Any CPU
		{C1ABD36B-A364-4E10-8633-C8A925872A50}.Release|Any CPU.Build.0 = Release|Any CPU
		{C1ABD36B-A364-4E10-8633-C8A925872A50}.Release|x64.ActiveCfg = Release|Any CPU
		{C1ABD36B-A364-4E10-8633-C8A925872A50}.Release|x64.Build.0 = Release|Any CPU
		{C1ABD36B-A364-4E10-8633-C8A925872A50}.Release|x86.ActiveCfg = Release|Any CPU
		{C1ABD36B-A364-4E10-8633-C8A925872A50}.Release|x86.Build.0 = Release|Any CPU
		{29F54852-B8A1-436D-AA39-4142B53407A0}.Debug|Any CPU.ActiveCfg = Debug|Any CPU
		{29F54852-B8A1-436D-AA39-4142B53407A0}.Debug|Any CPU.Build.0 = Debug|Any CPU
		{29F54852-B8A1-436D-AA39-4142B53407A0}.Debug|x64.ActiveCfg = Debug|Any CPU
		{29F54852-B8A1-436D-AA39-4142B53407A0}.Debug|x64.Build.0 = Debug|Any CPU
		{29F54852-B8A1-436D-AA39-4142B53407A0}.Debug|x86.ActiveCfg = Debug|Any CPU
		{29F54852-B8A1-436D-AA39-4142B53407A0}.Debug|x86.Build.0 = Debug|Any CPU
		{29F54852-B8A1-436D-AA39-4142B53407A0}.Release|Any CPU.ActiveCfg = Release|Any CPU
		{29F54852-B8A1-436D-AA39-4142B53407A0}.Release|Any CPU.Build.0 = Release|Any CPU
		{29F54852-B8A1-436D-AA39-4142B53407A0}.Release|x64.ActiveCfg = Release|Any CPU
		{29F54852-B8A1-436D-AA39-4142B53407A0}.Release|x64.Build.0 = Release|Any CPU
		{29F54852-B8A1-436D-AA39-4142B53407A0}.Release|x86.ActiveCfg = Release|Any CPU
		{29F54852-B8A1-436D-AA39-4142B53407A0}.Release|x86.Build.0 = Release|Any CPU
		{08E516C5-4882-4120-8717-51C6FB40F79B}.Debug|Any CPU.ActiveCfg = Debug|Any CPU
		{08E516C5-4882-4120-8717-51C6FB40F79B}.Debug|Any CPU.Build.0 = Debug|Any CPU
		{08E516C5-4882-4120-8717-51C6FB40F79B}.Debug|x64.ActiveCfg = Debug|Any CPU
		{08E516C5-4882-4120-8717-51C6FB40F79B}.Debug|x64.Build.0 = Debug|Any CPU
		{08E516C5-4882-4120-8717-51C6FB40F79B}.Debug|x86.ActiveCfg = Debug|Any CPU
		{08E516C5-4882-4120-8717-51C6FB40F79B}.Debug|x86.Build.0 = Debug|Any CPU
		{08E516C5-4882-4120-8717-51C6FB40F79B}.Release|Any CPU.ActiveCfg = Release|Any CPU
		{08E516C5-4882-4120-8717-51C6FB40F79B}.Release|Any CPU.Build.0 = Release|Any CPU
		{08E516C5-4882-4120-8717-51C6FB40F79B}.Release|x64.ActiveCfg = Release|Any CPU
		{08E516C5-4882-4120-8717-51C6FB40F79B}.Release|x64.Build.0 = Release|Any CPU
		{08E516C5-4882-4120-8717-51C6FB40F79B}.Release|x86.ActiveCfg = Release|Any CPU
		{08E516C5-4882-4120-8717-51C6FB40F79B}.Release|x86.Build.0 = Release|Any CPU
		{C9EE7027-6173-4268-8B4D-7F0B21D772FC}.Debug|Any CPU.ActiveCfg = Debug|Any CPU
		{C9EE7027-6173-4268-8B4D-7F0B21D772FC}.Debug|Any CPU.Build.0 = Debug|Any CPU
		{C9EE7027-6173-4268-8B4D-7F0B21D772FC}.Debug|x64.ActiveCfg = Debug|Any CPU
		{C9EE7027-6173-4268-8B4D-7F0B21D772FC}.Debug|x64.Build.0 = Debug|Any CPU
		{C9EE7027-6173-4268-8B4D-7F0B21D772FC}.Debug|x86.ActiveCfg = Debug|Any CPU
		{C9EE7027-6173-4268-8B4D-7F0B21D772FC}.Debug|x86.Build.0 = Debug|Any CPU
		{C9EE7027-6173-4268-8B4D-7F0B21D772FC}.Release|Any CPU.ActiveCfg = Release|Any CPU
		{C9EE7027-6173-4268-8B4D-7F0B21D772FC}.Release|Any CPU.Build.0 = Release|Any CPU
		{C9EE7027-6173-4268-8B4D-7F0B21D772FC}.Release|x64.ActiveCfg = Release|Any CPU
		{C9EE7027-6173-4268-8B4D-7F0B21D772FC}.Release|x64.Build.0 = Release|Any CPU
		{C9EE7027-6173-4268-8B4D-7F0B21D772FC}.Release|x86.ActiveCfg = Release|Any CPU
		{C9EE7027-6173-4268-8B4D-7F0B21D772FC}.Release|x86.Build.0 = Release|Any CPU
		{D70F41E4-25C7-4F0E-8BA2-D8DB6C07CCDE}.Debug|Any CPU.ActiveCfg = Debug|Any CPU
		{D70F41E4-25C7-4F0E-8BA2-D8DB6C07CCDE}.Debug|Any CPU.Build.0 = Debug|Any CPU
		{D70F41E4-25C7-4F0E-8BA2-D8DB6C07CCDE}.Debug|x64.ActiveCfg = Debug|Any CPU
		{D70F41E4-25C7-4F0E-8BA2-D8DB6C07CCDE}.Debug|x64.Build.0 = Debug|Any CPU
		{D70F41E4-25C7-4F0E-8BA2-D8DB6C07CCDE}.Debug|x86.ActiveCfg = Debug|Any CPU
		{D70F41E4-25C7-4F0E-8BA2-D8DB6C07CCDE}.Debug|x86.Build.0 = Debug|Any CPU
		{D70F41E4-25C7-4F0E-8BA2-D8DB6C07CCDE}.Release|Any CPU.ActiveCfg = Release|Any CPU
		{D70F41E4-25C7-4F0E-8BA2-D8DB6C07CCDE}.Release|Any CPU.Build.0 = Release|Any CPU
		{D70F41E4-25C7-4F0E-8BA2-D8DB6C07CCDE}.Release|x64.ActiveCfg = Release|Any CPU
		{D70F41E4-25C7-4F0E-8BA2-D8DB6C07CCDE}.Release|x64.Build.0 = Release|Any CPU
		{D70F41E4-25C7-4F0E-8BA2-D8DB6C07CCDE}.Release|x86.ActiveCfg = Release|Any CPU
		{D70F41E4-25C7-4F0E-8BA2-D8DB6C07CCDE}.Release|x86.Build.0 = Release|Any CPU
		{15ABFF2B-E97D-4BCC-8515-F46DD951527F}.Debug|Any CPU.ActiveCfg = Debug|Any CPU
		{15ABFF2B-E97D-4BCC-8515-F46DD951527F}.Debug|Any CPU.Build.0 = Debug|Any CPU
		{15ABFF2B-E97D-4BCC-8515-F46DD951527F}.Debug|x64.ActiveCfg = Debug|Any CPU
		{15ABFF2B-E97D-4BCC-8515-F46DD951527F}.Debug|x64.Build.0 = Debug|Any CPU
		{15ABFF2B-E97D-4BCC-8515-F46DD951527F}.Debug|x86.ActiveCfg = Debug|Any CPU
		{15ABFF2B-E97D-4BCC-8515-F46DD951527F}.Debug|x86.Build.0 = Debug|Any CPU
		{15ABFF2B-E97D-4BCC-8515-F46DD951527F}.Release|Any CPU.ActiveCfg = Release|Any CPU
		{15ABFF2B-E97D-4BCC-8515-F46DD951527F}.Release|Any CPU.Build.0 = Release|Any CPU
		{15ABFF2B-E97D-4BCC-8515-F46DD951527F}.Release|x64.ActiveCfg = Release|Any CPU
		{15ABFF2B-E97D-4BCC-8515-F46DD951527F}.Release|x64.Build.0 = Release|Any CPU
		{15ABFF2B-E97D-4BCC-8515-F46DD951527F}.Release|x86.ActiveCfg = Release|Any CPU
		{15ABFF2B-E97D-4BCC-8515-F46DD951527F}.Release|x86.Build.0 = Release|Any CPU
		{D9A4AB67-7A15-425B-9384-256830D6BBE7}.Debug|Any CPU.ActiveCfg = Debug|Any CPU
		{D9A4AB67-7A15-425B-9384-256830D6BBE7}.Debug|Any CPU.Build.0 = Debug|Any CPU
		{D9A4AB67-7A15-425B-9384-256830D6BBE7}.Debug|x64.ActiveCfg = Debug|Any CPU
		{D9A4AB67-7A15-425B-9384-256830D6BBE7}.Debug|x64.Build.0 = Debug|Any CPU
		{D9A4AB67-7A15-425B-9384-256830D6BBE7}.Debug|x86.ActiveCfg = Debug|Any CPU
		{D9A4AB67-7A15-425B-9384-256830D6BBE7}.Debug|x86.Build.0 = Debug|Any CPU
		{D9A4AB67-7A15-425B-9384-256830D6BBE7}.Release|Any CPU.ActiveCfg = Release|Any CPU
		{D9A4AB67-7A15-425B-9384-256830D6BBE7}.Release|Any CPU.Build.0 = Release|Any CPU
		{D9A4AB67-7A15-425B-9384-256830D6BBE7}.Release|x64.ActiveCfg = Release|Any CPU
		{D9A4AB67-7A15-425B-9384-256830D6BBE7}.Release|x64.Build.0 = Release|Any CPU
		{D9A4AB67-7A15-425B-9384-256830D6BBE7}.Release|x86.ActiveCfg = Release|Any CPU
		{D9A4AB67-7A15-425B-9384-256830D6BBE7}.Release|x86.Build.0 = Release|Any CPU
	EndGlobalSection
	GlobalSection(NestedProjects) = preSolution
		{29F54852-B8A1-436D-AA39-4142B53407A0} = {7001F41A-BE5B-42DA-AD32-E041A1C981E7}
		{C1ABD36B-A364-4E10-8633-C8A925872A50} = {7001F41A-BE5B-42DA-AD32-E041A1C981E7}
		{96C3C254-1F11-4F7B-BECB-DDEB01F05FC5} = {7001F41A-BE5B-42DA-AD32-E041A1C981E7}
		{626CF554-8951-499E-81B1-A80C0B2CDCBD} = {2A27D048-BB42-4B61-99AF-06D491B86262}
		{552F69D4-47E4-475A-9BAE-7826F0A38AD5} = {7001F41A-BE5B-42DA-AD32-E041A1C981E7}
		{08E516C5-4882-4120-8717-51C6FB40F79B} = {7001F41A-BE5B-42DA-AD32-E041A1C981E7}
		{C9EE7027-6173-4268-8B4D-7F0B21D772FC} = {7001F41A-BE5B-42DA-AD32-E041A1C981E7}
		{D70F41E4-25C7-4F0E-8BA2-D8DB6C07CCDE} = {7001F41A-BE5B-42DA-AD32-E041A1C981E7}
		{15ABFF2B-E97D-4BCC-8515-F46DD951527F} = {7001F41A-BE5B-42DA-AD32-E041A1C981E7}
		{D9A4AB67-7A15-425B-9384-256830D6BBE7} = {7001F41A-BE5B-42DA-AD32-E041A1C981E7}
	EndGlobalSection
EndGlobal
